
Microsoft Visual Studio Solution File, Format Version 12.00
# Visual Studio Version 17
VisualStudioVersion = 17.4.33103.184
MinimumVisualStudioVersion = 10.0.40219.1
Project("{9A19103F-16F7-4668-BE54-9A1E7A4F7556}") = "001.WordPattern", "001WordPattern\001.WordPattern.csproj", "{6DAB3A35-FA2B-45E0-AAB0-A319F3C6A8ED}"
EndProject
Project("{9A19103F-16F7-4668-BE54-9A1E7A4F7556}") = "002.CommonPrefix", "002CommonPrefix\002.CommonPrefix.csproj", "{AD74D086-0D27-45D2-A585-516568EB2CFE}"
EndProject
Project("{9A19103F-16F7-4668-BE54-9A1E7A4F7556}") = "003.PalindromeNumber", "003PalindromeNumber\003.PalindromeNumber.csproj", "{21C7263B-1385-4D2B-B70A-9F8767AA22FE}"
EndProject
Project("{9A19103F-16F7-4668-BE54-9A1E7A4F7556}") = "004.PlusOne", "004PlusOne\004.PlusOne.csproj", "{F00128E5-4303-4F3C-80C3-70CF4A653830}"
EndProject
Project("{9A19103F-16F7-4668-BE54-9A1E7A4F7556}") = "005.LengthOfLastWord", "005LengthOfLastWord\005.LengthOfLastWord.csproj", "{8455BC06-954F-4671-AD5F-E155223EAFA5}"
EndProject
Project("{9A19103F-16F7-4668-BE54-9A1E7A4F7556}") = "006.ValidParentheses", "006ValidParentheses\006.ValidParentheses.csproj", "{E4D5F164-E3A3-4B51-9B57-87EE207689E2}"
EndProject
Project("{9A19103F-16F7-4668-BE54-9A1E7A4F7556}") = "007.GasStation", "007GasStation\007.GasStation.csproj", "{52E3ECCC-9D6B-4917-BAB1-032893427BF4}"
EndProject
Project("{9A19103F-16F7-4668-BE54-9A1E7A4F7556}") = "008.MaxPoints", "008MaxPoints\008.MaxPoints.csproj", "{CEEE67F9-482C-4FF4-BA73-4A0F8A90C2D8}"
EndProject
Project("{9A19103F-16F7-4668-BE54-9A1E7A4F7556}") = "009.BinaryTreePreorderTraversal", "009BinaryTreePreorderTraversal\009.BinaryTreePreorderTraversal.csproj", "{DE29B842-D06B-4B8E-86A2-9A6ABE07F1F1}"
EndProject
Project("{9A19103F-16F7-4668-BE54-9A1E7A4F7556}") = "010.SameTree", "010SameTree\010.SameTree.csproj", "{C649831B-9644-4376-B59E-23BBD01BDDF5}"
EndProject
Project("{9A19103F-16F7-4668-BE54-9A1E7A4F7556}") = "011.MinimumTimeTreeApple", "011MinimumTimeTreeApple\011.MinimumTimeTreeApple.csproj", "{688B0827-1ED7-42EF-972F-BD636486DD14}"
EndProject
Project("{9A19103F-16F7-4668-BE54-9A1E7A4F7556}") = "012NumberOfNodesInSubTree", "012NumberOfNodesInSubTree\012NumberOfNodesInSubTree.csproj", "{F860442E-386B-4DB1-9DE2-182CEEE344A9}"
EndProject
Project("{9A19103F-16F7-4668-BE54-9A1E7A4F7556}") = "013LongestPath", "013LongestPath\013LongestPath.csproj", "{BD271422-ECDF-48A0-BB9B-305BC2804869}"
EndProject
Project("{9A19103F-16F7-4668-BE54-9A1E7A4F7556}") = "014LexicographicallySmallestEquivalentString", "014LexicographicallySmallestEquivalentString\014LexicographicallySmallestEquivalentString.csproj", "{6D02D941-2127-4FA5-BCCF-6F2C6C97A7C7}"
EndProject
Project("{9A19103F-16F7-4668-BE54-9A1E7A4F7556}") = "015NumberOfGoodPaths", "015NumberOfGoodPaths\015NumberOfGoodPaths.csproj", "{BD5034AB-A3E0-4EDE-946A-203FE2A0B6BA}"
EndProject
Project("{9A19103F-16F7-4668-BE54-9A1E7A4F7556}") = "015RemoveDuplicatesFromArray", "015RemoveDuplicatesFromArray\015RemoveDuplicatesFromArray.csproj", "{860EE945-49D4-400C-B41D-EBAA55C886ED}"
EndProject
Project("{9A19103F-16F7-4668-BE54-9A1E7A4F7556}") = "015RemoveElement", "015RemoveElement\015RemoveElement.csproj", "{3E6C6F9F-6DF9-425D-A7AD-B33244047091}"
EndProject
Project("{9A19103F-16F7-4668-BE54-9A1E7A4F7556}") = "016InsertInterval", "016InsertInterval\016InsertInterval.csproj", "{AFE6C181-5755-44B7-92DB-414F5193A709}"
EndProject
Project("{9A19103F-16F7-4668-BE54-9A1E7A4F7556}") = "017FlipStringMonotone", "017FlipStringMonotone\017FlipStringMonotone.csproj", "{65799DE3-7A5D-4E6B-B9F8-608214DCC322}"
EndProject
Project("{9A19103F-16F7-4668-BE54-9A1E7A4F7556}") = "018MaximumSumCircularSubarray", "018MaximumSumCircularSubarray\018MaximumSumCircularSubarray.csproj", "{BB5EE853-E1D4-4F21-8A75-87F793E1BA2C}"
EndProject
Project("{9A19103F-16F7-4668-BE54-9A1E7A4F7556}") = "019SubarraySums", "019SubarraySums\019SubarraySums.csproj", "{2DBD9EAD-C7B2-4DBE-B8A8-3D52624ABFB8}"
EndProject
Project("{9A19103F-16F7-4668-BE54-9A1E7A4F7556}") = "020NonDecreasingSequence", "020NonDecreasingSequence\020NonDecreasingSequence.csproj", "{B7B18B58-265F-4812-A6B4-BE7E742F0799}"
EndProject
Project("{9A19103F-16F7-4668-BE54-9A1E7A4F7556}") = "021RestoreIPAddress", "021RestoreIPAddress\021RestoreIPAddress.csproj", "{ED4FA30F-E46F-44EB-9347-F82630C3C655}"
EndProject
Project("{9A19103F-16F7-4668-BE54-9A1E7A4F7556}") = "022PalindromePartitioning", "022PalindromePartitioning\022PalindromePartitioning.csproj", "{55017780-1B8D-466D-BCBC-E9E1E6175716}"
EndProject
Project("{9A19103F-16F7-4668-BE54-9A1E7A4F7556}") = "023FindTownJudge", "023FindTownJudge\023FindTownJudge.csproj", "{00C3A654-58F3-4E87-B0EB-27FC147D758D}"
EndProject
Project("{9A19103F-16F7-4668-BE54-9A1E7A4F7556}") = "023AlternatingDigitSum", "023AlternatingDigitSum\023AlternatingDigitSum.csproj", "{158BD03F-771F-4BF9-B51A-A5A6060EF3CF}"
EndProject
Project("{9A19103F-16F7-4668-BE54-9A1E7A4F7556}") = "024SnakesAndLadders", "024SnakesAndLadders\024SnakesAndLadders.csproj", "{EA6909F3-A206-4AFF-B156-9FFE8117FDCF}"
EndProject
Project("{9A19103F-16F7-4668-BE54-9A1E7A4F7556}") = "025ClosestNode", "025ClosestNode\025ClosestNode.csproj", "{752971F6-BCFA-462C-A833-B4E44C52A303}"
EndProject
Project("{9A19103F-16F7-4668-BE54-9A1E7A4F7556}") = "026CheapestFlights", "026CheapestFlights\026CheapestFlights.csproj", "{53253389-0331-428D-901B-0417F85CBEAB}"
EndProject
Project("{9A19103F-16F7-4668-BE54-9A1E7A4F7556}") = "027ConcatenatedWords", "027ConcatenatedWords\027ConcatenatedWords.csproj", "{6A566135-A806-4418-9FBA-F4A43C1F4916}"
EndProject
Project("{9A19103F-16F7-4668-BE54-9A1E7A4F7556}") = "028DataStreamDisjointIntervals", "028DataStreamDisjointIntervals\028DataStreamDisjointIntervals.csproj", "{5BD1671D-359A-465C-8F73-9BCCD375C01C}"
EndProject
Project("{9A19103F-16F7-4668-BE54-9A1E7A4F7556}") = "029LFUCache", "029LFUCache\029LFUCache.csproj", "{8FC49E3C-F9ED-4201-90A5-299AA44D8100}"
EndProject
Project("{9A19103F-16F7-4668-BE54-9A1E7A4F7556}") = "030NthTribonacciNumber", "030NthTribonacciNumber\030NthTribonacciNumber.csproj", "{0FA048FD-BDA7-4384-AF74-4D55EB50B202}"
EndProject
Project("{9A19103F-16F7-4668-BE54-9A1E7A4F7556}") = "031BestTeamScore", "031BestTeamScore\031BestTeamScore.csproj", "{CC0BA2E8-EE3F-4FDF-96D9-45A08ED732B3}"
EndProject
Project("{FAE04EC0-301F-11D3-BF4B-00C04F79EFBC}") = "032GreatestCommonDivisorOfStrings", "032GreatestCommonDivisorOfStrings\032GreatestCommonDivisorOfStrings.csproj", "{26B1333A-8E15-4FC6-8D74-EDB31A275F5E}"
EndProject
Global
	GlobalSection(SolutionConfigurationPlatforms) = preSolution
		Debug|Any CPU = Debug|Any CPU
		Release|Any CPU = Release|Any CPU
	EndGlobalSection
	GlobalSection(ProjectConfigurationPlatforms) = postSolution
		{6DAB3A35-FA2B-45E0-AAB0-A319F3C6A8ED}.Debug|Any CPU.ActiveCfg = Debug|Any CPU
		{6DAB3A35-FA2B-45E0-AAB0-A319F3C6A8ED}.Debug|Any CPU.Build.0 = Debug|Any CPU
		{6DAB3A35-FA2B-45E0-AAB0-A319F3C6A8ED}.Release|Any CPU.ActiveCfg = Release|Any CPU
		{6DAB3A35-FA2B-45E0-AAB0-A319F3C6A8ED}.Release|Any CPU.Build.0 = Release|Any CPU
		{AD74D086-0D27-45D2-A585-516568EB2CFE}.Debug|Any CPU.ActiveCfg = Debug|Any CPU
		{AD74D086-0D27-45D2-A585-516568EB2CFE}.Debug|Any CPU.Build.0 = Debug|Any CPU
		{AD74D086-0D27-45D2-A585-516568EB2CFE}.Release|Any CPU.ActiveCfg = Release|Any CPU
		{AD74D086-0D27-45D2-A585-516568EB2CFE}.Release|Any CPU.Build.0 = Release|Any CPU
		{21C7263B-1385-4D2B-B70A-9F8767AA22FE}.Debug|Any CPU.ActiveCfg = Debug|Any CPU
		{21C7263B-1385-4D2B-B70A-9F8767AA22FE}.Debug|Any CPU.Build.0 = Debug|Any CPU
		{21C7263B-1385-4D2B-B70A-9F8767AA22FE}.Release|Any CPU.ActiveCfg = Release|Any CPU
		{21C7263B-1385-4D2B-B70A-9F8767AA22FE}.Release|Any CPU.Build.0 = Release|Any CPU
		{F00128E5-4303-4F3C-80C3-70CF4A653830}.Debug|Any CPU.ActiveCfg = Debug|Any CPU
		{F00128E5-4303-4F3C-80C3-70CF4A653830}.Debug|Any CPU.Build.0 = Debug|Any CPU
		{F00128E5-4303-4F3C-80C3-70CF4A653830}.Release|Any CPU.ActiveCfg = Release|Any CPU
		{F00128E5-4303-4F3C-80C3-70CF4A653830}.Release|Any CPU.Build.0 = Release|Any CPU
		{8455BC06-954F-4671-AD5F-E155223EAFA5}.Debug|Any CPU.ActiveCfg = Debug|Any CPU
		{8455BC06-954F-4671-AD5F-E155223EAFA5}.Debug|Any CPU.Build.0 = Debug|Any CPU
		{8455BC06-954F-4671-AD5F-E155223EAFA5}.Release|Any CPU.ActiveCfg = Release|Any CPU
		{8455BC06-954F-4671-AD5F-E155223EAFA5}.Release|Any CPU.Build.0 = Release|Any CPU
		{E4D5F164-E3A3-4B51-9B57-87EE207689E2}.Debug|Any CPU.ActiveCfg = Debug|Any CPU
		{E4D5F164-E3A3-4B51-9B57-87EE207689E2}.Debug|Any CPU.Build.0 = Debug|Any CPU
		{E4D5F164-E3A3-4B51-9B57-87EE207689E2}.Release|Any CPU.ActiveCfg = Release|Any CPU
		{E4D5F164-E3A3-4B51-9B57-87EE207689E2}.Release|Any CPU.Build.0 = Release|Any CPU
		{52E3ECCC-9D6B-4917-BAB1-032893427BF4}.Debug|Any CPU.ActiveCfg = Debug|Any CPU
		{52E3ECCC-9D6B-4917-BAB1-032893427BF4}.Debug|Any CPU.Build.0 = Debug|Any CPU
		{52E3ECCC-9D6B-4917-BAB1-032893427BF4}.Release|Any CPU.ActiveCfg = Release|Any CPU
		{52E3ECCC-9D6B-4917-BAB1-032893427BF4}.Release|Any CPU.Build.0 = Release|Any CPU
		{CEEE67F9-482C-4FF4-BA73-4A0F8A90C2D8}.Debug|Any CPU.ActiveCfg = Debug|Any CPU
		{CEEE67F9-482C-4FF4-BA73-4A0F8A90C2D8}.Debug|Any CPU.Build.0 = Debug|Any CPU
		{CEEE67F9-482C-4FF4-BA73-4A0F8A90C2D8}.Release|Any CPU.ActiveCfg = Release|Any CPU
		{CEEE67F9-482C-4FF4-BA73-4A0F8A90C2D8}.Release|Any CPU.Build.0 = Release|Any CPU
		{DE29B842-D06B-4B8E-86A2-9A6ABE07F1F1}.Debug|Any CPU.ActiveCfg = Debug|Any CPU
		{DE29B842-D06B-4B8E-86A2-9A6ABE07F1F1}.Debug|Any CPU.Build.0 = Debug|Any CPU
		{DE29B842-D06B-4B8E-86A2-9A6ABE07F1F1}.Release|Any CPU.ActiveCfg = Release|Any CPU
		{DE29B842-D06B-4B8E-86A2-9A6ABE07F1F1}.Release|Any CPU.Build.0 = Release|Any CPU
		{C649831B-9644-4376-B59E-23BBD01BDDF5}.Debug|Any CPU.ActiveCfg = Debug|Any CPU
		{C649831B-9644-4376-B59E-23BBD01BDDF5}.Debug|Any CPU.Build.0 = Debug|Any CPU
		{C649831B-9644-4376-B59E-23BBD01BDDF5}.Release|Any CPU.ActiveCfg = Release|Any CPU
		{C649831B-9644-4376-B59E-23BBD01BDDF5}.Release|Any CPU.Build.0 = Release|Any CPU
		{688B0827-1ED7-42EF-972F-BD636486DD14}.Debug|Any CPU.ActiveCfg = Debug|Any CPU
		{688B0827-1ED7-42EF-972F-BD636486DD14}.Debug|Any CPU.Build.0 = Debug|Any CPU
		{688B0827-1ED7-42EF-972F-BD636486DD14}.Release|Any CPU.ActiveCfg = Release|Any CPU
		{688B0827-1ED7-42EF-972F-BD636486DD14}.Release|Any CPU.Build.0 = Release|Any CPU
		{F860442E-386B-4DB1-9DE2-182CEEE344A9}.Debug|Any CPU.ActiveCfg = Debug|Any CPU
		{F860442E-386B-4DB1-9DE2-182CEEE344A9}.Debug|Any CPU.Build.0 = Debug|Any CPU
		{F860442E-386B-4DB1-9DE2-182CEEE344A9}.Release|Any CPU.ActiveCfg = Release|Any CPU
		{F860442E-386B-4DB1-9DE2-182CEEE344A9}.Release|Any CPU.Build.0 = Release|Any CPU
		{BD271422-ECDF-48A0-BB9B-305BC2804869}.Debug|Any CPU.ActiveCfg = Debug|Any CPU
		{BD271422-ECDF-48A0-BB9B-305BC2804869}.Debug|Any CPU.Build.0 = Debug|Any CPU
		{BD271422-ECDF-48A0-BB9B-305BC2804869}.Release|Any CPU.ActiveCfg = Release|Any CPU
		{BD271422-ECDF-48A0-BB9B-305BC2804869}.Release|Any CPU.Build.0 = Release|Any CPU
		{6D02D941-2127-4FA5-BCCF-6F2C6C97A7C7}.Debug|Any CPU.ActiveCfg = Debug|Any CPU
		{6D02D941-2127-4FA5-BCCF-6F2C6C97A7C7}.Debug|Any CPU.Build.0 = Debug|Any CPU
		{6D02D941-2127-4FA5-BCCF-6F2C6C97A7C7}.Release|Any CPU.ActiveCfg = Release|Any CPU
		{6D02D941-2127-4FA5-BCCF-6F2C6C97A7C7}.Release|Any CPU.Build.0 = Release|Any CPU
		{BD5034AB-A3E0-4EDE-946A-203FE2A0B6BA}.Debug|Any CPU.ActiveCfg = Debug|Any CPU
		{BD5034AB-A3E0-4EDE-946A-203FE2A0B6BA}.Debug|Any CPU.Build.0 = Debug|Any CPU
		{BD5034AB-A3E0-4EDE-946A-203FE2A0B6BA}.Release|Any CPU.ActiveCfg = Release|Any CPU
		{BD5034AB-A3E0-4EDE-946A-203FE2A0B6BA}.Release|Any CPU.Build.0 = Release|Any CPU
		{860EE945-49D4-400C-B41D-EBAA55C886ED}.Debug|Any CPU.ActiveCfg = Debug|Any CPU
		{860EE945-49D4-400C-B41D-EBAA55C886ED}.Debug|Any CPU.Build.0 = Debug|Any CPU
		{860EE945-49D4-400C-B41D-EBAA55C886ED}.Release|Any CPU.ActiveCfg = Release|Any CPU
		{860EE945-49D4-400C-B41D-EBAA55C886ED}.Release|Any CPU.Build.0 = Release|Any CPU
		{3E6C6F9F-6DF9-425D-A7AD-B33244047091}.Debug|Any CPU.ActiveCfg = Debug|Any CPU
		{3E6C6F9F-6DF9-425D-A7AD-B33244047091}.Debug|Any CPU.Build.0 = Debug|Any CPU
		{3E6C6F9F-6DF9-425D-A7AD-B33244047091}.Release|Any CPU.ActiveCfg = Release|Any CPU
		{3E6C6F9F-6DF9-425D-A7AD-B33244047091}.Release|Any CPU.Build.0 = Release|Any CPU
		{AFE6C181-5755-44B7-92DB-414F5193A709}.Debug|Any CPU.ActiveCfg = Debug|Any CPU
		{AFE6C181-5755-44B7-92DB-414F5193A709}.Debug|Any CPU.Build.0 = Debug|Any CPU
		{AFE6C181-5755-44B7-92DB-414F5193A709}.Release|Any CPU.ActiveCfg = Release|Any CPU
		{AFE6C181-5755-44B7-92DB-414F5193A709}.Release|Any CPU.Build.0 = Release|Any CPU
		{65799DE3-7A5D-4E6B-B9F8-608214DCC322}.Debug|Any CPU.ActiveCfg = Debug|Any CPU
		{65799DE3-7A5D-4E6B-B9F8-608214DCC322}.Debug|Any CPU.Build.0 = Debug|Any CPU
		{65799DE3-7A5D-4E6B-B9F8-608214DCC322}.Release|Any CPU.ActiveCfg = Release|Any CPU
		{65799DE3-7A5D-4E6B-B9F8-608214DCC322}.Release|Any CPU.Build.0 = Release|Any CPU
		{BB5EE853-E1D4-4F21-8A75-87F793E1BA2C}.Debug|Any CPU.ActiveCfg = Debug|Any CPU
		{BB5EE853-E1D4-4F21-8A75-87F793E1BA2C}.Debug|Any CPU.Build.0 = Debug|Any CPU
		{BB5EE853-E1D4-4F21-8A75-87F793E1BA2C}.Release|Any CPU.ActiveCfg = Release|Any CPU
		{BB5EE853-E1D4-4F21-8A75-87F793E1BA2C}.Release|Any CPU.Build.0 = Release|Any CPU
		{2DBD9EAD-C7B2-4DBE-B8A8-3D52624ABFB8}.Debug|Any CPU.ActiveCfg = Debug|Any CPU
		{2DBD9EAD-C7B2-4DBE-B8A8-3D52624ABFB8}.Debug|Any CPU.Build.0 = Debug|Any CPU
		{2DBD9EAD-C7B2-4DBE-B8A8-3D52624ABFB8}.Release|Any CPU.ActiveCfg = Release|Any CPU
		{2DBD9EAD-C7B2-4DBE-B8A8-3D52624ABFB8}.Release|Any CPU.Build.0 = Release|Any CPU
		{B7B18B58-265F-4812-A6B4-BE7E742F0799}.Debug|Any CPU.ActiveCfg = Debug|Any CPU
		{B7B18B58-265F-4812-A6B4-BE7E742F0799}.Debug|Any CPU.Build.0 = Debug|Any CPU
		{B7B18B58-265F-4812-A6B4-BE7E742F0799}.Release|Any CPU.ActiveCfg = Release|Any CPU
		{B7B18B58-265F-4812-A6B4-BE7E742F0799}.Release|Any CPU.Build.0 = Release|Any CPU
		{ED4FA30F-E46F-44EB-9347-F82630C3C655}.Debug|Any CPU.ActiveCfg = Debug|Any CPU
		{ED4FA30F-E46F-44EB-9347-F82630C3C655}.Debug|Any CPU.Build.0 = Debug|Any CPU
		{ED4FA30F-E46F-44EB-9347-F82630C3C655}.Release|Any CPU.ActiveCfg = Release|Any CPU
		{ED4FA30F-E46F-44EB-9347-F82630C3C655}.Release|Any CPU.Build.0 = Release|Any CPU
		{55017780-1B8D-466D-BCBC-E9E1E6175716}.Debug|Any CPU.ActiveCfg = Debug|Any CPU
		{55017780-1B8D-466D-BCBC-E9E1E6175716}.Debug|Any CPU.Build.0 = Debug|Any CPU
		{55017780-1B8D-466D-BCBC-E9E1E6175716}.Release|Any CPU.ActiveCfg = Release|Any CPU
		{55017780-1B8D-466D-BCBC-E9E1E6175716}.Release|Any CPU.Build.0 = Release|Any CPU
		{00C3A654-58F3-4E87-B0EB-27FC147D758D}.Debug|Any CPU.ActiveCfg = Debug|Any CPU
		{00C3A654-58F3-4E87-B0EB-27FC147D758D}.Debug|Any CPU.Build.0 = Debug|Any CPU
		{00C3A654-58F3-4E87-B0EB-27FC147D758D}.Release|Any CPU.ActiveCfg = Release|Any CPU
		{00C3A654-58F3-4E87-B0EB-27FC147D758D}.Release|Any CPU.Build.0 = Release|Any CPU
		{158BD03F-771F-4BF9-B51A-A5A6060EF3CF}.Debug|Any CPU.ActiveCfg = Debug|Any CPU
		{158BD03F-771F-4BF9-B51A-A5A6060EF3CF}.Debug|Any CPU.Build.0 = Debug|Any CPU
		{158BD03F-771F-4BF9-B51A-A5A6060EF3CF}.Release|Any CPU.ActiveCfg = Release|Any CPU
		{158BD03F-771F-4BF9-B51A-A5A6060EF3CF}.Release|Any CPU.Build.0 = Release|Any CPU
		{EA6909F3-A206-4AFF-B156-9FFE8117FDCF}.Debug|Any CPU.ActiveCfg = Debug|Any CPU
		{EA6909F3-A206-4AFF-B156-9FFE8117FDCF}.Debug|Any CPU.Build.0 = Debug|Any CPU
		{EA6909F3-A206-4AFF-B156-9FFE8117FDCF}.Release|Any CPU.ActiveCfg = Release|Any CPU
		{EA6909F3-A206-4AFF-B156-9FFE8117FDCF}.Release|Any CPU.Build.0 = Release|Any CPU
		{752971F6-BCFA-462C-A833-B4E44C52A303}.Debug|Any CPU.ActiveCfg = Debug|Any CPU
		{752971F6-BCFA-462C-A833-B4E44C52A303}.Debug|Any CPU.Build.0 = Debug|Any CPU
		{752971F6-BCFA-462C-A833-B4E44C52A303}.Release|Any CPU.ActiveCfg = Release|Any CPU
		{752971F6-BCFA-462C-A833-B4E44C52A303}.Release|Any CPU.Build.0 = Release|Any CPU
		{53253389-0331-428D-901B-0417F85CBEAB}.Debug|Any CPU.ActiveCfg = Debug|Any CPU
		{53253389-0331-428D-901B-0417F85CBEAB}.Debug|Any CPU.Build.0 = Debug|Any CPU
		{53253389-0331-428D-901B-0417F85CBEAB}.Release|Any CPU.ActiveCfg = Release|Any CPU
		{53253389-0331-428D-901B-0417F85CBEAB}.Release|Any CPU.Build.0 = Release|Any CPU
		{6A566135-A806-4418-9FBA-F4A43C1F4916}.Debug|Any CPU.ActiveCfg = Debug|Any CPU
		{6A566135-A806-4418-9FBA-F4A43C1F4916}.Debug|Any CPU.Build.0 = Debug|Any CPU
		{6A566135-A806-4418-9FBA-F4A43C1F4916}.Release|Any CPU.ActiveCfg = Release|Any CPU
		{6A566135-A806-4418-9FBA-F4A43C1F4916}.Release|Any CPU.Build.0 = Release|Any CPU
		{5BD1671D-359A-465C-8F73-9BCCD375C01C}.Debug|Any CPU.ActiveCfg = Debug|Any CPU
		{5BD1671D-359A-465C-8F73-9BCCD375C01C}.Debug|Any CPU.Build.0 = Debug|Any CPU
		{5BD1671D-359A-465C-8F73-9BCCD375C01C}.Release|Any CPU.ActiveCfg = Release|Any CPU
		{5BD1671D-359A-465C-8F73-9BCCD375C01C}.Release|Any CPU.Build.0 = Release|Any CPU
		{8FC49E3C-F9ED-4201-90A5-299AA44D8100}.Debug|Any CPU.ActiveCfg = Debug|Any CPU
		{8FC49E3C-F9ED-4201-90A5-299AA44D8100}.Debug|Any CPU.Build.0 = Debug|Any CPU
		{8FC49E3C-F9ED-4201-90A5-299AA44D8100}.Release|Any CPU.ActiveCfg = Release|Any CPU
		{8FC49E3C-F9ED-4201-90A5-299AA44D8100}.Release|Any CPU.Build.0 = Release|Any CPU
		{0FA048FD-BDA7-4384-AF74-4D55EB50B202}.Debug|Any CPU.ActiveCfg = Debug|Any CPU
		{0FA048FD-BDA7-4384-AF74-4D55EB50B202}.Debug|Any CPU.Build.0 = Debug|Any CPU
		{0FA048FD-BDA7-4384-AF74-4D55EB50B202}.Release|Any CPU.ActiveCfg = Release|Any CPU
		{0FA048FD-BDA7-4384-AF74-4D55EB50B202}.Release|Any CPU.Build.0 = Release|Any CPU
		{CC0BA2E8-EE3F-4FDF-96D9-45A08ED732B3}.Debug|Any CPU.ActiveCfg = Debug|Any CPU
		{CC0BA2E8-EE3F-4FDF-96D9-45A08ED732B3}.Debug|Any CPU.Build.0 = Debug|Any CPU
		{CC0BA2E8-EE3F-4FDF-96D9-45A08ED732B3}.Release|Any CPU.ActiveCfg = Release|Any CPU
		{CC0BA2E8-EE3F-4FDF-96D9-45A08ED732B3}.Release|Any CPU.Build.0 = Release|Any CPU
		{26B1333A-8E15-4FC6-8D74-EDB31A275F5E}.Debug|Any CPU.ActiveCfg = Debug|Any CPU
		{26B1333A-8E15-4FC6-8D74-EDB31A275F5E}.Debug|Any CPU.Build.0 = Debug|Any CPU
		{26B1333A-8E15-4FC6-8D74-EDB31A275F5E}.Release|Any CPU.ActiveCfg = Release|Any CPU
		{26B1333A-8E15-4FC6-8D74-EDB31A275F5E}.Release|Any CPU.Build.0 = Release|Any CPU
	EndGlobalSection
	GlobalSection(SolutionProperties) = preSolution
		HideSolutionNode = FALSE
	EndGlobalSection
	GlobalSection(ExtensibilityGlobals) = postSolution
		SolutionGuid = {CBECF33B-87DB-4723-9FA3-1AF177799F3D}
	EndGlobalSection
EndGlobal
