
Microsoft Visual Studio Solution File, Format Version 12.00
# Visual Studio Version 17
VisualStudioVersion = 17.4.33103.184
MinimumVisualStudioVersion = 10.0.40219.1
Project("{9A19103F-16F7-4668-BE54-9A1E7A4F7556}") = "001.WordPattern", "WordPattern\001.WordPattern.csproj", "{6DAB3A35-FA2B-45E0-AAB0-A319F3C6A8ED}"
EndProject
Project("{9A19103F-16F7-4668-BE54-9A1E7A4F7556}") = "002.CommonPrefix", "CommonPrefix\002.CommonPrefix.csproj", "{AD74D086-0D27-45D2-A585-516568EB2CFE}"
EndProject
Project("{9A19103F-16F7-4668-BE54-9A1E7A4F7556}") = "003.PalindromeNumber", "PalindromeNumber\003.PalindromeNumber.csproj", "{21C7263B-1385-4D2B-B70A-9F8767AA22FE}"
EndProject
Project("{9A19103F-16F7-4668-BE54-9A1E7A4F7556}") = "004.PlusOne", "PlusOne\004.PlusOne.csproj", "{F00128E5-4303-4F3C-80C3-70CF4A653830}"
EndProject
Project("{9A19103F-16F7-4668-BE54-9A1E7A4F7556}") = "005.LengthOfLastWord", "LengthOfLastWord\005.LengthOfLastWord.csproj", "{8455BC06-954F-4671-AD5F-E155223EAFA5}"
EndProject
Project("{9A19103F-16F7-4668-BE54-9A1E7A4F7556}") = "006.ValidParentheses", "ValidParentheses\006.ValidParentheses.csproj", "{E4D5F164-E3A3-4B51-9B57-87EE207689E2}"
EndProject
Project("{9A19103F-16F7-4668-BE54-9A1E7A4F7556}") = "007.GasStation", "GasStation\007.GasStation.csproj", "{52E3ECCC-9D6B-4917-BAB1-032893427BF4}"
EndProject
Project("{9A19103F-16F7-4668-BE54-9A1E7A4F7556}") = "008.MaxPoints", "MaxPoints\008.MaxPoints.csproj", "{CEEE67F9-482C-4FF4-BA73-4A0F8A90C2D8}"
EndProject
Project("{9A19103F-16F7-4668-BE54-9A1E7A4F7556}") = "009.BinaryTreePreorderTraversal", "BinaryTreePreorderTraversal\009.BinaryTreePreorderTraversal.csproj", "{DE29B842-D06B-4B8E-86A2-9A6ABE07F1F1}"
EndProject
Project("{9A19103F-16F7-4668-BE54-9A1E7A4F7556}") = "010.SameTree", "SameTree\010.SameTree.csproj", "{C649831B-9644-4376-B59E-23BBD01BDDF5}"
EndProject
Project("{9A19103F-16F7-4668-BE54-9A1E7A4F7556}") = "011.MinimumTimeTreeApple", "11.MinimumTimeTreeApple\011.MinimumTimeTreeApple.csproj", "{688B0827-1ED7-42EF-972F-BD636486DD14}"
EndProject
Project("{9A19103F-16F7-4668-BE54-9A1E7A4F7556}") = "012NumberOfNodesInSubTree", "012NumberOfNodesInSubTree\012NumberOfNodesInSubTree.csproj", "{F860442E-386B-4DB1-9DE2-182CEEE344A9}"
EndProject
Project("{9A19103F-16F7-4668-BE54-9A1E7A4F7556}") = "013LongestPath", "013LongestPath\013LongestPath.csproj", "{BD271422-ECDF-48A0-BB9B-305BC2804869}"
EndProject
Project("{9A19103F-16F7-4668-BE54-9A1E7A4F7556}") = "014LexicographicallySmallestEquivalentString", "014LexicographicallySmallestEquivalentString\014LexicographicallySmallestEquivalentString.csproj", "{6D02D941-2127-4FA5-BCCF-6F2C6C97A7C7}"
EndProject
Project("{9A19103F-16F7-4668-BE54-9A1E7A4F7556}") = "015NumberOfGoodPaths", "015NumberOfGoodPaths\015NumberOfGoodPaths.csproj", "{BD5034AB-A3E0-4EDE-946A-203FE2A0B6BA}"
EndProject
Project("{FAE04EC0-301F-11D3-BF4B-00C04F79EFBC}") = "015RemoveDuplicatesFromArray", "015RemoveDuplicatesFromArray\015RemoveDuplicatesFromArray.csproj", "{860EE945-49D4-400C-B41D-EBAA55C886ED}"
EndProject
Project("{FAE04EC0-301F-11D3-BF4B-00C04F79EFBC}") = "015RemoveElement", "015RemoveElement\015RemoveElement.csproj", "{3E6C6F9F-6DF9-425D-A7AD-B33244047091}"
EndProject
Global
	GlobalSection(SolutionConfigurationPlatforms) = preSolution
		Debug|Any CPU = Debug|Any CPU
		Release|Any CPU = Release|Any CPU
	EndGlobalSection
	GlobalSection(ProjectConfigurationPlatforms) = postSolution
		{6DAB3A35-FA2B-45E0-AAB0-A319F3C6A8ED}.Debug|Any CPU.ActiveCfg = Debug|Any CPU
		{6DAB3A35-FA2B-45E0-AAB0-A319F3C6A8ED}.Debug|Any CPU.Build.0 = Debug|Any CPU
		{6DAB3A35-FA2B-45E0-AAB0-A319F3C6A8ED}.Release|Any CPU.ActiveCfg = Release|Any CPU
		{6DAB3A35-FA2B-45E0-AAB0-A319F3C6A8ED}.Release|Any CPU.Build.0 = Release|Any CPU
		{AD74D086-0D27-45D2-A585-516568EB2CFE}.Debug|Any CPU.ActiveCfg = Debug|Any CPU
		{AD74D086-0D27-45D2-A585-516568EB2CFE}.Debug|Any CPU.Build.0 = Debug|Any CPU
		{AD74D086-0D27-45D2-A585-516568EB2CFE}.Release|Any CPU.ActiveCfg = Release|Any CPU
		{AD74D086-0D27-45D2-A585-516568EB2CFE}.Release|Any CPU.Build.0 = Release|Any CPU
		{21C7263B-1385-4D2B-B70A-9F8767AA22FE}.Debug|Any CPU.ActiveCfg = Debug|Any CPU
		{21C7263B-1385-4D2B-B70A-9F8767AA22FE}.Debug|Any CPU.Build.0 = Debug|Any CPU
		{21C7263B-1385-4D2B-B70A-9F8767AA22FE}.Release|Any CPU.ActiveCfg = Release|Any CPU
		{21C7263B-1385-4D2B-B70A-9F8767AA22FE}.Release|Any CPU.Build.0 = Release|Any CPU
		{F00128E5-4303-4F3C-80C3-70CF4A653830}.Debug|Any CPU.ActiveCfg = Debug|Any CPU
		{F00128E5-4303-4F3C-80C3-70CF4A653830}.Debug|Any CPU.Build.0 = Debug|Any CPU
		{F00128E5-4303-4F3C-80C3-70CF4A653830}.Release|Any CPU.ActiveCfg = Release|Any CPU
		{F00128E5-4303-4F3C-80C3-70CF4A653830}.Release|Any CPU.Build.0 = Release|Any CPU
		{8455BC06-954F-4671-AD5F-E155223EAFA5}.Debug|Any CPU.ActiveCfg = Debug|Any CPU
		{8455BC06-954F-4671-AD5F-E155223EAFA5}.Debug|Any CPU.Build.0 = Debug|Any CPU
		{8455BC06-954F-4671-AD5F-E155223EAFA5}.Release|Any CPU.ActiveCfg = Release|Any CPU
		{8455BC06-954F-4671-AD5F-E155223EAFA5}.Release|Any CPU.Build.0 = Release|Any CPU
		{E4D5F164-E3A3-4B51-9B57-87EE207689E2}.Debug|Any CPU.ActiveCfg = Debug|Any CPU
		{E4D5F164-E3A3-4B51-9B57-87EE207689E2}.Debug|Any CPU.Build.0 = Debug|Any CPU
		{E4D5F164-E3A3-4B51-9B57-87EE207689E2}.Release|Any CPU.ActiveCfg = Release|Any CPU
		{E4D5F164-E3A3-4B51-9B57-87EE207689E2}.Release|Any CPU.Build.0 = Release|Any CPU
		{52E3ECCC-9D6B-4917-BAB1-032893427BF4}.Debug|Any CPU.ActiveCfg = Debug|Any CPU
		{52E3ECCC-9D6B-4917-BAB1-032893427BF4}.Debug|Any CPU.Build.0 = Debug|Any CPU
		{52E3ECCC-9D6B-4917-BAB1-032893427BF4}.Release|Any CPU.ActiveCfg = Release|Any CPU
		{52E3ECCC-9D6B-4917-BAB1-032893427BF4}.Release|Any CPU.Build.0 = Release|Any CPU
		{CEEE67F9-482C-4FF4-BA73-4A0F8A90C2D8}.Debug|Any CPU.ActiveCfg = Debug|Any CPU
		{CEEE67F9-482C-4FF4-BA73-4A0F8A90C2D8}.Debug|Any CPU.Build.0 = Debug|Any CPU
		{CEEE67F9-482C-4FF4-BA73-4A0F8A90C2D8}.Release|Any CPU.ActiveCfg = Release|Any CPU
		{CEEE67F9-482C-4FF4-BA73-4A0F8A90C2D8}.Release|Any CPU.Build.0 = Release|Any CPU
		{DE29B842-D06B-4B8E-86A2-9A6ABE07F1F1}.Debug|Any CPU.ActiveCfg = Debug|Any CPU
		{DE29B842-D06B-4B8E-86A2-9A6ABE07F1F1}.Debug|Any CPU.Build.0 = Debug|Any CPU
		{DE29B842-D06B-4B8E-86A2-9A6ABE07F1F1}.Release|Any CPU.ActiveCfg = Release|Any CPU
		{DE29B842-D06B-4B8E-86A2-9A6ABE07F1F1}.Release|Any CPU.Build.0 = Release|Any CPU
		{C649831B-9644-4376-B59E-23BBD01BDDF5}.Debug|Any CPU.ActiveCfg = Debug|Any CPU
		{C649831B-9644-4376-B59E-23BBD01BDDF5}.Debug|Any CPU.Build.0 = Debug|Any CPU
		{C649831B-9644-4376-B59E-23BBD01BDDF5}.Release|Any CPU.ActiveCfg = Release|Any CPU
		{C649831B-9644-4376-B59E-23BBD01BDDF5}.Release|Any CPU.Build.0 = Release|Any CPU
		{688B0827-1ED7-42EF-972F-BD636486DD14}.Debug|Any CPU.ActiveCfg = Debug|Any CPU
		{688B0827-1ED7-42EF-972F-BD636486DD14}.Debug|Any CPU.Build.0 = Debug|Any CPU
		{688B0827-1ED7-42EF-972F-BD636486DD14}.Release|Any CPU.ActiveCfg = Release|Any CPU
		{688B0827-1ED7-42EF-972F-BD636486DD14}.Release|Any CPU.Build.0 = Release|Any CPU
		{F860442E-386B-4DB1-9DE2-182CEEE344A9}.Debug|Any CPU.ActiveCfg = Debug|Any CPU
		{F860442E-386B-4DB1-9DE2-182CEEE344A9}.Debug|Any CPU.Build.0 = Debug|Any CPU
		{F860442E-386B-4DB1-9DE2-182CEEE344A9}.Release|Any CPU.ActiveCfg = Release|Any CPU
		{F860442E-386B-4DB1-9DE2-182CEEE344A9}.Release|Any CPU.Build.0 = Release|Any CPU
		{BD271422-ECDF-48A0-BB9B-305BC2804869}.Debug|Any CPU.ActiveCfg = Debug|Any CPU
		{BD271422-ECDF-48A0-BB9B-305BC2804869}.Debug|Any CPU.Build.0 = Debug|Any CPU
		{BD271422-ECDF-48A0-BB9B-305BC2804869}.Release|Any CPU.ActiveCfg = Release|Any CPU
		{BD271422-ECDF-48A0-BB9B-305BC2804869}.Release|Any CPU.Build.0 = Release|Any CPU
		{6D02D941-2127-4FA5-BCCF-6F2C6C97A7C7}.Debug|Any CPU.ActiveCfg = Debug|Any CPU
		{6D02D941-2127-4FA5-BCCF-6F2C6C97A7C7}.Debug|Any CPU.Build.0 = Debug|Any CPU
		{6D02D941-2127-4FA5-BCCF-6F2C6C97A7C7}.Release|Any CPU.ActiveCfg = Release|Any CPU
		{6D02D941-2127-4FA5-BCCF-6F2C6C97A7C7}.Release|Any CPU.Build.0 = Release|Any CPU
		{BD5034AB-A3E0-4EDE-946A-203FE2A0B6BA}.Debug|Any CPU.ActiveCfg = Debug|Any CPU
		{BD5034AB-A3E0-4EDE-946A-203FE2A0B6BA}.Debug|Any CPU.Build.0 = Debug|Any CPU
		{BD5034AB-A3E0-4EDE-946A-203FE2A0B6BA}.Release|Any CPU.ActiveCfg = Release|Any CPU
		{BD5034AB-A3E0-4EDE-946A-203FE2A0B6BA}.Release|Any CPU.Build.0 = Release|Any CPU
		{860EE945-49D4-400C-B41D-EBAA55C886ED}.Debug|Any CPU.ActiveCfg = Debug|Any CPU
		{860EE945-49D4-400C-B41D-EBAA55C886ED}.Debug|Any CPU.Build.0 = Debug|Any CPU
		{860EE945-49D4-400C-B41D-EBAA55C886ED}.Release|Any CPU.ActiveCfg = Release|Any CPU
		{860EE945-49D4-400C-B41D-EBAA55C886ED}.Release|Any CPU.Build.0 = Release|Any CPU
		{3E6C6F9F-6DF9-425D-A7AD-B33244047091}.Debug|Any CPU.ActiveCfg = Debug|Any CPU
		{3E6C6F9F-6DF9-425D-A7AD-B33244047091}.Debug|Any CPU.Build.0 = Debug|Any CPU
		{3E6C6F9F-6DF9-425D-A7AD-B33244047091}.Release|Any CPU.ActiveCfg = Release|Any CPU
		{3E6C6F9F-6DF9-425D-A7AD-B33244047091}.Release|Any CPU.Build.0 = Release|Any CPU
	EndGlobalSection
	GlobalSection(SolutionProperties) = preSolution
		HideSolutionNode = FALSE
	EndGlobalSection
	GlobalSection(ExtensibilityGlobals) = postSolution
		SolutionGuid = {CBECF33B-87DB-4723-9FA3-1AF177799F3D}
	EndGlobalSection
EndGlobal
